<?xml version="1.0" encoding="utf-8"?>
<Project ToolsVersion="4.0" xmlns="http://schemas.microsoft.com/developer/msbuild/2003">
  <ItemGroup>
    <Filter Include="Quelldateien">
      <UniqueIdentifier>{4FC737F1-C7A5-4376-A066-2A32D752A2FF}</UniqueIdentifier>
      <Extensions>cpp;c;cc;cxx;def;odl;idl;hpj;bat;asm;asmx</Extensions>
    </Filter>
    <Filter Include="Headerdateien">
      <UniqueIdentifier>{93995380-89BD-4b04-88EB-625FBE52EBFB}</UniqueIdentifier>
      <Extensions>h;hh;hpp;hxx;hm;inl;inc;xsd</Extensions>
    </Filter>
    <Filter Include="Ressourcendateien">
      <UniqueIdentifier>{67DA6AB6-F800-4c08-8B7A-83BB121AAD01}</UniqueIdentifier>
      <Extensions>rc;ico;cur;bmp;dlg;rc2;rct;bin;rgs;gif;jpg;jpeg;jpe;resx;tiff;tif;png;wav;mfcribbon-ms</Extensions>
    </Filter>
    <Filter Include="Headerdateien\Graphic">
      <UniqueIdentifier>{96c646f9-be9d-4d11-8a37-751abba13b83}</UniqueIdentifier>
    </Filter>
    <Filter Include="Headerdateien\Window">
      <UniqueIdentifier>{a3e02cbd-e77f-4c9f-adcd-e5bd6ea29960}</UniqueIdentifier>
    </Filter>
    <Filter Include="Headerdateien\Math">
      <UniqueIdentifier>{619eda60-fd56-4776-a163-dbac8d46c41a}</UniqueIdentifier>
    </Filter>
    <Filter Include="Headerdateien\Core">
      <UniqueIdentifier>{e0bf84d8-be21-4477-b63b-6cc6c28a5beb}</UniqueIdentifier>
    </Filter>
    <Filter Include="Headerdateien\System">
      <UniqueIdentifier>{38c9b47e-e3a6-438e-914e-5ad1d4bb4afe}</UniqueIdentifier>
    </Filter>
    <Filter Include="Quelldateien\Window">
      <UniqueIdentifier>{c5dc90cd-220e-4f58-a6a4-6dc7aaa7d3f4}</UniqueIdentifier>
    </Filter>
    <Filter Include="Quelldateien\Math">
      <UniqueIdentifier>{b36c9664-07e3-45a7-8d3a-ee826478a205}</UniqueIdentifier>
    </Filter>
    <Filter Include="Quelldateien\Graphic">
      <UniqueIdentifier>{9606c4b3-1d2e-4fb4-8ff2-c466e44bef7f}</UniqueIdentifier>
    </Filter>
    <Filter Include="Quelldateien\System">
      <UniqueIdentifier>{f3b90b55-6af0-4101-ab6e-763293c3fcb1}</UniqueIdentifier>
    </Filter>
    <Filter Include="Quelldateien\Core">
      <UniqueIdentifier>{4c160be6-fc17-45be-8502-02f10ef8e205}</UniqueIdentifier>
    </Filter>
    <Filter Include="Headerdateien\Audio">
      <UniqueIdentifier>{03215074-91d5-4569-8b5f-1d2c52011eb7}</UniqueIdentifier>
    </Filter>
    <Filter Include="Quelldateien\Audio">
      <UniqueIdentifier>{438b3f8b-3f44-4cad-ba3e-3078a4622e2b}</UniqueIdentifier>
    </Filter>
  </ItemGroup>
  <ItemGroup>
    <ClInclude Include="include\SGL\Graphic\Color.hpp">
      <Filter>Headerdateien\Graphic</Filter>
    </ClInclude>
    <ClInclude Include="include\SGL\Core\Config.hpp">
      <Filter>Headerdateien\Core</Filter>
    </ClInclude>
    <ClInclude Include="include\SGL\Graphic\Drawable.hpp">
      <Filter>Headerdateien\Graphic</Filter>
    </ClInclude>
    <ClInclude Include="include\SGL\System\Keyboard.hpp">
      <Filter>Headerdateien\System</Filter>
    </ClInclude>
    <ClInclude Include="include\SGL\Math\mat4.hpp">
      <Filter>Headerdateien\Math</Filter>
    </ClInclude>
    <ClInclude Include="include\SGL\System\Mouse.hpp">
      <Filter>Headerdateien\System</Filter>
    </ClInclude>
    <ClInclude Include="include\SGL\Math\Rect.hpp">
      <Filter>Headerdateien\Math</Filter>
    </ClInclude>
    <ClInclude Include="include\SGL\Core\SDL.hpp">
      <Filter>Headerdateien\Core</Filter>
    </ClInclude>
    <ClInclude Include="include\SGL\Graphic\Surface.hpp">
      <Filter>Headerdateien\Graphic</Filter>
    </ClInclude>
    <ClInclude Include="include\SGL\Graphic\Texture.hpp">
      <Filter>Headerdateien\Graphic</Filter>
    </ClInclude>
    <ClInclude Include="include\SGL\Core\Types.hpp">
      <Filter>Headerdateien\Core</Filter>
    </ClInclude>
    <ClInclude Include="include\SGL\Math\vec2.hpp">
      <Filter>Headerdateien\Math</Filter>
    </ClInclude>
    <ClInclude Include="include\SGL\Math\vec3.hpp">
      <Filter>Headerdateien\Math</Filter>
    </ClInclude>
    <ClInclude Include="include\SGL\Math\Vertex.hpp">
      <Filter>Headerdateien\Math</Filter>
    </ClInclude>
    <ClInclude Include="include\SGL\Window\Window.hpp">
      <Filter>Headerdateien\Window</Filter>
    </ClInclude>
    <ClInclude Include="include\SGL\System\Event.hpp">
      <Filter>Headerdateien\System</Filter>
    </ClInclude>
    <ClInclude Include="include\SGL\Graphic.hpp">
      <Filter>Headerdateien</Filter>
    </ClInclude>
    <ClInclude Include="include\SGL\Math.hpp">
      <Filter>Headerdateien</Filter>
    </ClInclude>
    <ClInclude Include="include\SGL\Window.hpp">
      <Filter>Headerdateien</Filter>
    </ClInclude>
    <ClInclude Include="include\SGL\all.hpp">
      <Filter>Headerdateien</Filter>
    </ClInclude>
    <ClInclude Include="include\SGL\Core\GL.hpp">
      <Filter>Headerdateien\Core</Filter>
    </ClInclude>
    <ClInclude Include="include\SGL\Math\Geometry.hpp">
      <Filter>Headerdateien\Math</Filter>
    </ClInclude>
    <ClInclude Include="include\SGL\Core\Init.hpp">
      <Filter>Headerdateien\Core</Filter>
    </ClInclude>
    <ClInclude Include="include\SGL\Graphic\Transformable.hpp">
      <Filter>Headerdateien\Graphic</Filter>
    </ClInclude>
    <ClInclude Include="include\SGL\Graphic\Shape.hpp">
      <Filter>Headerdateien\Graphic</Filter>
    </ClInclude>
    <ClInclude Include="include\SGL\Graphic\Sprite.hpp">
      <Filter>Headerdateien\Graphic</Filter>
    </ClInclude>
    <ClInclude Include="include\SGL\System\Battery.hpp">
      <Filter>Headerdateien\System</Filter>
    </ClInclude>
    <ClInclude Include="include\SGL\System\StopWatch.hpp">
      <Filter>Headerdateien\System</Filter>
    </ClInclude>
    <ClInclude Include="include\SGL\Audio\Sound.hpp">
      <Filter>Headerdateien\Audio</Filter>
    </ClInclude>
    <ClInclude Include="include\SGL\Core\Check.hpp">
      <Filter>Headerdateien\Core</Filter>
    </ClInclude>
  </ItemGroup>
  <ItemGroup>
    <ClCompile Include="src\SGL\Graphic\Color.cpp">
      <Filter>Quelldateien\Graphic</Filter>
    </ClCompile>
    <ClCompile Include="src\SGL\Math\mat4.cpp">
      <Filter>Quelldateien\Math</Filter>
    </ClCompile>
    <ClCompile Include="src\SGL\Graphic\Surface.cpp">
      <Filter>Quelldateien\Graphic</Filter>
    </ClCompile>
    <ClCompile Include="src\SGL\Graphic\Texture.cpp">
      <Filter>Quelldateien\Graphic</Filter>
    </ClCompile>
    <ClCompile Include="src\SGL\Math\Vertex.cpp">
      <Filter>Quelldateien\Math</Filter>
    </ClCompile>
    <ClCompile Include="src\SGL\Window\Window.cpp">
      <Filter>Quelldateien\Window</Filter>
    </ClCompile>
    <ClCompile Include="main.cpp">
      <Filter>Quelldateien</Filter>
    </ClCompile>
    <ClCompile Include="src\SGL\System\Event.cpp">
      <Filter>Quelldateien\System</Filter>
    </ClCompile>
    <ClCompile Include="src\SGL\Core\Init.cpp">
      <Filter>Quelldateien\Core</Filter>
    </ClCompile>
    <ClCompile Include="src\SGL\Graphic\Transformable.cpp">
      <Filter>Quelldateien\Graphic</Filter>
    </ClCompile>
    <ClCompile Include="src\SGL\Graphic\Shape.cpp">
      <Filter>Quelldateien\Graphic</Filter>
    </ClCompile>
    <ClCompile Include="src\SGL\Graphic\Sprite.cpp">
      <Filter>Quelldateien\Graphic</Filter>
    </ClCompile>
    <ClCompile Include="src\SGL\System\Battery.cpp">
      <Filter>Quelldateien\System</Filter>
    </ClCompile>
    <ClCompile Include="src\SGL\System\StopWatch.cpp">
      <Filter>Quelldateien\System</Filter>
    </ClCompile>
    <ClCompile Include="src\SGL\Audio\Sound.cpp">
      <Filter>Quelldateien\Audio</Filter>
    </ClCompile>
    <ClCompile Include="src\SGL\Core\Check.cpp">
      <Filter>Quelldateien\Core</Filter>
    </ClCompile>
  </ItemGroup>
</Project>