<?xml version="1.0" encoding="utf-8"?>
<Project ToolsVersion="4.0" xmlns="http://schemas.microsoft.com/developer/msbuild/2003">
  <ItemGroup>
    <Filter Include="Quelldateien">
      <UniqueIdentifier>{4FC737F1-C7A5-4376-A066-2A32D752A2FF}</UniqueIdentifier>
      <Extensions>cpp;c;cc;cxx;def;odl;idl;hpj;bat;asm;asmx</Extensions>
    </Filter>
    <Filter Include="Headerdateien">
      <UniqueIdentifier>{93995380-89BD-4b04-88EB-625FBE52EBFB}</UniqueIdentifier>
      <Extensions>h;hh;hpp;hxx;hm;inl;inc;xsd</Extensions>
    </Filter>
    <Filter Include="Ressourcendateien">
      <UniqueIdentifier>{67DA6AB6-F800-4c08-8B7A-83BB121AAD01}</UniqueIdentifier>
      <Extensions>rc;ico;cur;bmp;dlg;rc2;rct;bin;rgs;gif;jpg;jpeg;jpe;resx;tiff;tif;png;wav;mfcribbon-ms</Extensions>
    </Filter>
    <Filter Include="Headerdateien\Core">
      <UniqueIdentifier>{98e300af-2d71-44f6-a50b-560bc9be583b}</UniqueIdentifier>
    </Filter>
    <Filter Include="Headerdateien\Graphic">
      <UniqueIdentifier>{187aeb01-034d-4078-9914-34fab3907959}</UniqueIdentifier>
    </Filter>
    <Filter Include="Headerdateien\Math">
      <UniqueIdentifier>{0ee6abf7-6054-4d45-8db8-901a2ec72cd9}</UniqueIdentifier>
    </Filter>
    <Filter Include="Headerdateien\System">
      <UniqueIdentifier>{cd04fce5-6e8c-4e10-983e-f039088d66be}</UniqueIdentifier>
    </Filter>
    <Filter Include="Headerdateien\Window">
      <UniqueIdentifier>{2fdc10ab-63f3-4fc1-9c12-83e3d9a8edcb}</UniqueIdentifier>
    </Filter>
    <Filter Include="Quelldateien\Graphic">
      <UniqueIdentifier>{63298019-0423-474c-8569-3a1201a8a059}</UniqueIdentifier>
    </Filter>
    <Filter Include="Quelldateien\Math">
      <UniqueIdentifier>{9fd48537-cb78-4451-861f-23be0f3fc0a8}</UniqueIdentifier>
    </Filter>
    <Filter Include="Quelldateien\System">
      <UniqueIdentifier>{55872ff3-ee31-474f-8865-6e966c9793dc}</UniqueIdentifier>
    </Filter>
    <Filter Include="Quelldateien\Window">
      <UniqueIdentifier>{5ebeade7-b480-42b0-8faf-2c56541a94a0}</UniqueIdentifier>
    </Filter>
  </ItemGroup>
  <ItemGroup>
    <ClInclude Include="include\System\Clock.h">
      <Filter>Headerdateien\System</Filter>
    </ClInclude>
    <ClInclude Include="include\Graphic\Color.h">
      <Filter>Headerdateien\Graphic</Filter>
    </ClInclude>
    <ClInclude Include="include\Graphic\Drawable.h">
      <Filter>Headerdateien\Graphic</Filter>
    </ClInclude>
    <ClInclude Include="include\Window\Event.h">
      <Filter>Headerdateien\Window</Filter>
    </ClInclude>
    <ClInclude Include="include\System\Keyboard.h">
      <Filter>Headerdateien\System</Filter>
    </ClInclude>
    <ClInclude Include="include\System\Mouse.h">
      <Filter>Headerdateien\System</Filter>
    </ClInclude>
    <ClInclude Include="include\Core\OpenGL.h">
      <Filter>Headerdateien\Core</Filter>
    </ClInclude>
    <ClInclude Include="include\Core\Output.h">
      <Filter>Headerdateien\Core</Filter>
    </ClInclude>
    <ClInclude Include="include\System\Power.h">
      <Filter>Headerdateien\System</Filter>
    </ClInclude>
    <ClInclude Include="include\Math\Rect.h">
      <Filter>Headerdateien\Math</Filter>
    </ClInclude>
    <ClInclude Include="include\Graphic\Shape.h">
      <Filter>Headerdateien\Graphic</Filter>
    </ClInclude>
    <ClInclude Include="include\Graphic\Sprite.h">
      <Filter>Headerdateien\Graphic</Filter>
    </ClInclude>
    <ClInclude Include="include\Graphic\Surface.h">
      <Filter>Headerdateien\Graphic</Filter>
    </ClInclude>
    <ClInclude Include="include\Graphic\Texture.h">
      <Filter>Headerdateien\Graphic</Filter>
    </ClInclude>
    <ClInclude Include="include\Core\Types.h">
      <Filter>Headerdateien\Core</Filter>
    </ClInclude>
    <ClInclude Include="include\Math\Vector2.h">
      <Filter>Headerdateien\Math</Filter>
    </ClInclude>
    <ClInclude Include="include\Math\Vertex.h">
      <Filter>Headerdateien\Math</Filter>
    </ClInclude>
    <ClInclude Include="include\Window\Window.h">
      <Filter>Headerdateien\Window</Filter>
    </ClInclude>
    <ClInclude Include="include\System\Font.h">
      <Filter>Headerdateien\System</Filter>
    </ClInclude>
    <ClInclude Include="include\Graphic\String.h">
      <Filter>Headerdateien\Graphic</Filter>
    </ClInclude>
  </ItemGroup>
  <ItemGroup>
    <ClCompile Include="Main.cpp">
      <Filter>Quelldateien</Filter>
    </ClCompile>
    <ClCompile Include="src\Graphic\Color.cpp">
      <Filter>Quelldateien\Graphic</Filter>
    </ClCompile>
    <ClCompile Include="src\Graphic\Sprite.cpp">
      <Filter>Quelldateien\Graphic</Filter>
    </ClCompile>
    <ClCompile Include="src\Graphic\Shape.cpp">
      <Filter>Quelldateien\Graphic</Filter>
    </ClCompile>
    <ClCompile Include="src\Graphic\Surface.cpp">
      <Filter>Quelldateien\Graphic</Filter>
    </ClCompile>
    <ClCompile Include="src\Graphic\Texture.cpp">
      <Filter>Quelldateien\Graphic</Filter>
    </ClCompile>
    <ClCompile Include="src\Math\Vertex.cpp">
      <Filter>Quelldateien\Math</Filter>
    </ClCompile>
    <ClCompile Include="src\System\Clock.cpp">
      <Filter>Quelldateien\System</Filter>
    </ClCompile>
    <ClCompile Include="src\System\Keyboard.cpp">
      <Filter>Quelldateien\System</Filter>
    </ClCompile>
    <ClCompile Include="src\System\Power.cpp">
      <Filter>Quelldateien\System</Filter>
    </ClCompile>
    <ClCompile Include="src\Window\Event.cpp">
      <Filter>Quelldateien\Window</Filter>
    </ClCompile>
    <ClCompile Include="src\Window\Window.cpp">
      <Filter>Quelldateien\Window</Filter>
    </ClCompile>
    <ClCompile Include="src\System\Font.cpp">
      <Filter>Quelldateien\System</Filter>
    </ClCompile>
    <ClCompile Include="src\Graphic\String.cpp">
      <Filter>Quelldateien\Graphic</Filter>
    </ClCompile>
  </ItemGroup>
</Project>